
Microsoft Visual Studio Solution File, Format Version 12.00
# Visual Studio Version 16
VisualStudioVersion = 16.0.31410.357
MinimumVisualStudioVersion = 10.0.40219.1
Project("{FAE04EC0-301F-11D3-BF4B-00C04F79EFBC}") = "CarouselSDCard.UWP", "CarouselSDCard\CarouselSDCard.UWP\CarouselSDCard.UWP.csproj", "{1245D374-3FE3-40AD-A730-AEE5288D5777}"
EndProject
Project("{FAE04EC0-301F-11D3-BF4B-00C04F79EFBC}") = "CarouselSDCard.Android", "CarouselSDCard\CarouselSDCard.Android\CarouselSDCard.Android.csproj", "{146B434A-BE81-41B9-911C-CFFF716AADEB}"
EndProject
Project("{FAE04EC0-301F-11D3-BF4B-00C04F79EFBC}") = "CarouselSDCard.iOS", "CarouselSDCard\CarouselSDCard.iOS\CarouselSDCard.iOS.csproj", "{9C97A05B-B0AF-446F-9485-B41AD053762A}"
EndProject
Project("{FAE04EC0-301F-11D3-BF4B-00C04F79EFBC}") = "CarouselSDCard", "CarouselSDCard\CarouselSDCard\CarouselSDCard.csproj", "{708804D1-9E1F-4E37-AA94-22032CA0A8FE}"
EndProject
Global
	GlobalSection(SolutionConfigurationPlatforms) = preSolution
		Debug|Any CPU = Debug|Any CPU
		Debug|ARM = Debug|ARM
		Debug|iPhone = Debug|iPhone
		Debug|iPhoneSimulator = Debug|iPhoneSimulator
		Debug|x64 = Debug|x64
		Debug|x86 = Debug|x86
		Release|Any CPU = Release|Any CPU
		Release|ARM = Release|ARM
		Release|iPhone = Release|iPhone
		Release|iPhoneSimulator = Release|iPhoneSimulator
		Release|x64 = Release|x64
		Release|x86 = Release|x86
	EndGlobalSection
	GlobalSection(ProjectConfigurationPlatforms) = postSolution
		{1245D374-3FE3-40AD-A730-AEE5288D5777}.Debug|Any CPU.ActiveCfg = Debug|x86
		{1245D374-3FE3-40AD-A730-AEE5288D5777}.Debug|Any CPU.Build.0 = Debug|x86
		{1245D374-3FE3-40AD-A730-AEE5288D5777}.Debug|Any CPU.Deploy.0 = Debug|x86
		{1245D374-3FE3-40AD-A730-AEE5288D5777}.Debug|ARM.ActiveCfg = Debug|ARM
		{1245D374-3FE3-40AD-A730-AEE5288D5777}.Debug|ARM.Build.0 = Debug|ARM
		{1245D374-3FE3-40AD-A730-AEE5288D5777}.Debug|ARM.Deploy.0 = Debug|ARM
		{1245D374-3FE3-40AD-A730-AEE5288D5777}.Debug|iPhone.ActiveCfg = Debug|x86
		{1245D374-3FE3-40AD-A730-AEE5288D5777}.Debug|iPhone.Build.0 = Debug|x86
		{1245D374-3FE3-40AD-A730-AEE5288D5777}.Debug|iPhone.Deploy.0 = Debug|x86
		{1245D374-3FE3-40AD-A730-AEE5288D5777}.Debug|iPhoneSimulator.ActiveCfg = Debug|x86
		{1245D374-3FE3-40AD-A730-AEE5288D5777}.Debug|iPhoneSimulator.Build.0 = Debug|x86
		{1245D374-3FE3-40AD-A730-AEE5288D5777}.Debug|iPhoneSimulator.Deploy.0 = Debug|x86
		{1245D374-3FE3-40AD-A730-AEE5288D5777}.Debug|x64.ActiveCfg = Debug|x64
		{1245D374-3FE3-40AD-A730-AEE5288D5777}.Debug|x64.Build.0 = Debug|x64
		{1245D374-3FE3-40AD-A730-AEE5288D5777}.Debug|x64.Deploy.0 = Debug|x64
		{1245D374-3FE3-40AD-A730-AEE5288D5777}.Debug|x86.ActiveCfg = Debug|x86
		{1245D374-3FE3-40AD-A730-AEE5288D5777}.Debug|x86.Build.0 = Debug|x86
		{1245D374-3FE3-40AD-A730-AEE5288D5777}.Debug|x86.Deploy.0 = Debug|x86
		{1245D374-3FE3-40AD-A730-AEE5288D5777}.Release|Any CPU.ActiveCfg = Release|x86
		{1245D374-3FE3-40AD-A730-AEE5288D5777}.Release|Any CPU.Build.0 = Release|x86
		{1245D374-3FE3-40AD-A730-AEE5288D5777}.Release|Any CPU.Deploy.0 = Release|x86
		{1245D374-3FE3-40AD-A730-AEE5288D5777}.Release|ARM.ActiveCfg = Release|ARM
		{1245D374-3FE3-40AD-A730-AEE5288D5777}.Release|ARM.Build.0 = Release|ARM
		{1245D374-3FE3-40AD-A730-AEE5288D5777}.Release|ARM.Deploy.0 = Release|ARM
		{1245D374-3FE3-40AD-A730-AEE5288D5777}.Release|iPhone.ActiveCfg = Release|x86
		{1245D374-3FE3-40AD-A730-AEE5288D5777}.Release|iPhone.Build.0 = Release|x86
		{1245D374-3FE3-40AD-A730-AEE5288D5777}.Release|iPhone.Deploy.0 = Release|x86
		{1245D374-3FE3-40AD-A730-AEE5288D5777}.Release|iPhoneSimulator.ActiveCfg = Release|x86
		{1245D374-3FE3-40AD-A730-AEE5288D5777}.Release|iPhoneSimulator.Build.0 = Release|x86
		{1245D374-3FE3-40AD-A730-AEE5288D5777}.Release|iPhoneSimulator.Deploy.0 = Release|x86
		{1245D374-3FE3-40AD-A730-AEE5288D5777}.Release|x64.ActiveCfg = Release|x64
		{1245D374-3FE3-40AD-A730-AEE5288D5777}.Release|x64.Build.0 = Release|x64
		{1245D374-3FE3-40AD-A730-AEE5288D5777}.Release|x64.Deploy.0 = Release|x64
		{1245D374-3FE3-40AD-A730-AEE5288D5777}.Release|x86.ActiveCfg = Release|x86
		{1245D374-3FE3-40AD-A730-AEE5288D5777}.Release|x86.Build.0 = Release|x86
		{1245D374-3FE3-40AD-A730-AEE5288D5777}.Release|x86.Deploy.0 = Release|x86
		{146B434A-BE81-41B9-911C-CFFF716AADEB}.Debug|Any CPU.ActiveCfg = Debug|Any CPU
		{146B434A-BE81-41B9-911C-CFFF716AADEB}.Debug|Any CPU.Build.0 = Debug|Any CPU
		{146B434A-BE81-41B9-911C-CFFF716AADEB}.Debug|Any CPU.Deploy.0 = Debug|Any CPU
		{146B434A-BE81-41B9-911C-CFFF716AADEB}.Debug|ARM.ActiveCfg = Debug|Any CPU
		{146B434A-BE81-41B9-911C-CFFF716AADEB}.Debug|ARM.Build.0 = Debug|Any CPU
		{146B434A-BE81-41B9-911C-CFFF716AADEB}.Debug|ARM.Deploy.0 = Debug|Any CPU
		{146B434A-BE81-41B9-911C-CFFF716AADEB}.Debug|iPhone.ActiveCfg = Debug|Any CPU
		{146B434A-BE81-41B9-911C-CFFF716AADEB}.Debug|iPhone.Build.0 = Debug|Any CPU
		{146B434A-BE81-41B9-911C-CFFF716AADEB}.Debug|iPhone.Deploy.0 = Debug|Any CPU
		{146B434A-BE81-41B9-911C-CFFF716AADEB}.Debug|iPhoneSimulator.ActiveCfg = Debug|Any CPU
		{146B434A-BE81-41B9-911C-CFFF716AADEB}.Debug|iPhoneSimulator.Build.0 = Debug|Any CPU
		{146B434A-BE81-41B9-911C-CFFF716AADEB}.Debug|iPhoneSimulator.Deploy.0 = Debug|Any CPU
		{146B434A-BE81-41B9-911C-CFFF716AADEB}.Debug|x64.ActiveCfg = Debug|Any CPU
		{146B434A-BE81-41B9-911C-CFFF716AADEB}.Debug|x64.Build.0 = Debug|Any CPU
		{146B434A-BE81-41B9-911C-CFFF716AADEB}.Debug|x64.Deploy.0 = Debug|Any CPU
		{146B434A-BE81-41B9-911C-CFFF716AADEB}.Debug|x86.ActiveCfg = Debug|Any CPU
		{146B434A-BE81-41B9-911C-CFFF716AADEB}.Debug|x86.Build.0 = Debug|Any CPU
		{146B434A-BE81-41B9-911C-CFFF716AADEB}.Debug|x86.Deploy.0 = Debug|Any CPU
		{146B434A-BE81-41B9-911C-CFFF716AADEB}.Release|Any CPU.ActiveCfg = Release|Any CPU
		{146B434A-BE81-41B9-911C-CFFF716AADEB}.Release|Any CPU.Build.0 = Release|Any CPU
		{146B434A-BE81-41B9-911C-CFFF716AADEB}.Release|Any CPU.Deploy.0 = Release|Any CPU
		{146B434A-BE81-41B9-911C-CFFF716AADEB}.Release|ARM.ActiveCfg = Release|Any CPU
		{146B434A-BE81-41B9-911C-CFFF716AADEB}.Release|ARM.Build.0 = Release|Any CPU
		{146B434A-BE81-41B9-911C-CFFF716AADEB}.Release|ARM.Deploy.0 = Release|Any CPU
		{146B434A-BE81-41B9-911C-CFFF716AADEB}.Release|iPhone.ActiveCfg = Release|Any CPU
		{146B434A-BE81-41B9-911C-CFFF716AADEB}.Release|iPhone.Build.0 = Release|Any CPU
		{146B434A-BE81-41B9-911C-CFFF716AADEB}.Release|iPhone.Deploy.0 = Release|Any CPU
		{146B434A-BE81-41B9-911C-CFFF716AADEB}.Release|iPhoneSimulator.ActiveCfg = Release|Any CPU
		{146B434A-BE81-41B9-911C-CFFF716AADEB}.Release|iPhoneSimulator.Build.0 = Release|Any CPU
		{146B434A-BE81-41B9-911C-CFFF716AADEB}.Release|iPhoneSimulator.Deploy.0 = Release|Any CPU
		{146B434A-BE81-41B9-911C-CFFF716AADEB}.Release|x64.ActiveCfg = Release|Any CPU
		{146B434A-BE81-41B9-911C-CFFF716AADEB}.Release|x64.Build.0 = Release|Any CPU
		{146B434A-BE81-41B9-911C-CFFF716AADEB}.Release|x64.Deploy.0 = Release|Any CPU
		{146B434A-BE81-41B9-911C-CFFF716AADEB}.Release|x86.ActiveCfg = Release|Any CPU
		{146B434A-BE81-41B9-911C-CFFF716AADEB}.Release|x86.Build.0 = Release|Any CPU
		{146B434A-BE81-41B9-911C-CFFF716AADEB}.Release|x86.Deploy.0 = Release|Any CPU
		{9C97A05B-B0AF-446F-9485-B41AD053762A}.Debug|Any CPU.ActiveCfg = Debug|iPhoneSimulator
		{9C97A05B-B0AF-446F-9485-B41AD053762A}.Debug|Any CPU.Build.0 = Debug|iPhoneSimulator
		{9C97A05B-B0AF-446F-9485-B41AD053762A}.Debug|Any CPU.Deploy.0 = Debug|iPhoneSimulator
		{9C97A05B-B0AF-446F-9485-B41AD053762A}.Debug|ARM.ActiveCfg = Debug|iPhone
		{9C97A05B-B0AF-446F-9485-B41AD053762A}.Debug|ARM.Build.0 = Debug|iPhone
		{9C97A05B-B0AF-446F-9485-B41AD053762A}.Debug|ARM.Deploy.0 = Debug|iPhone
		{9C97A05B-B0AF-446F-9485-B41AD053762A}.Debug|iPhone.ActiveCfg = Debug|iPhone
		{9C97A05B-B0AF-446F-9485-B41AD053762A}.Debug|iPhone.Build.0 = Debug|iPhone
		{9C97A05B-B0AF-446F-9485-B41AD053762A}.Debug|iPhone.Deploy.0 = Debug|iPhone
		{9C97A05B-B0AF-446F-9485-B41AD053762A}.Debug|iPhoneSimulator.ActiveCfg = Debug|iPhoneSimulator
		{9C97A05B-B0AF-446F-9485-B41AD053762A}.Debug|iPhoneSimulator.Build.0 = Debug|iPhoneSimulator
		{9C97A05B-B0AF-446F-9485-B41AD053762A}.Debug|iPhoneSimulator.Deploy.0 = Debug|iPhoneSimulator
		{9C97A05B-B0AF-446F-9485-B41AD053762A}.Debug|x64.ActiveCfg = Debug|iPhoneSimulator
		{9C97A05B-B0AF-446F-9485-B41AD053762A}.Debug|x64.Build.0 = Debug|iPhoneSimulator
		{9C97A05B-B0AF-446F-9485-B41AD053762A}.Debug|x64.Deploy.0 = Debug|iPhoneSimulator
		{9C97A05B-B0AF-446F-9485-B41AD053762A}.Debug|x86.ActiveCfg = Debug|iPhoneSimulator
		{9C97A05B-B0AF-446F-9485-B41AD053762A}.Debug|x86.Build.0 = Debug|iPhoneSimulator
		{9C97A05B-B0AF-446F-9485-B41AD053762A}.Debug|x86.Deploy.0 = Debug|iPhoneSimulator
		{9C97A05B-B0AF-446F-9485-B41AD053762A}.Release|Any CPU.ActiveCfg = Release|iPhoneSimulator
		{9C97A05B-B0AF-446F-9485-B41AD053762A}.Release|Any CPU.Build.0 = Release|iPhoneSimulator
		{9C97A05B-B0AF-446F-9485-B41AD053762A}.Release|Any CPU.Deploy.0 = Release|iPhoneSimulator
		{9C97A05B-B0AF-446F-9485-B41AD053762A}.Release|ARM.ActiveCfg = Release|iPhoneSimulator
		{9C97A05B-B0AF-446F-9485-B41AD053762A}.Release|ARM.Build.0 = Release|iPhoneSimulator
		{9C97A05B-B0AF-446F-9485-B41AD053762A}.Release|ARM.Deploy.0 = Release|iPhoneSimulator
		{9C97A05B-B0AF-446F-9485-B41AD053762A}.Release|iPhone.ActiveCfg = Release|iPhone
		{9C97A05B-B0AF-446F-9485-B41AD053762A}.Release|iPhone.Build.0 = Release|iPhone
		{9C97A05B-B0AF-446F-9485-B41AD053762A}.Release|iPhone.Deploy.0 = Release|iPhone
		{9C97A05B-B0AF-446F-9485-B41AD053762A}.Release|iPhoneSimulator.ActiveCfg = Release|iPhoneSimulator
		{9C97A05B-B0AF-446F-9485-B41AD053762A}.Release|iPhoneSimulator.Build.0 = Release|iPhoneSimulator
		{9C97A05B-B0AF-446F-9485-B41AD053762A}.Release|iPhoneSimulator.Deploy.0 = Release|iPhoneSimulator
		{9C97A05B-B0AF-446F-9485-B41AD053762A}.Release|x64.ActiveCfg = Release|iPhoneSimulator
		{9C97A05B-B0AF-446F-9485-B41AD053762A}.Release|x64.Build.0 = Release|iPhoneSimulator
		{9C97A05B-B0AF-446F-9485-B41AD053762A}.Release|x64.Deploy.0 = Release|iPhoneSimulator
		{9C97A05B-B0AF-446F-9485-B41AD053762A}.Release|x86.ActiveCfg = Release|iPhoneSimulator
		{9C97A05B-B0AF-446F-9485-B41AD053762A}.Release|x86.Build.0 = Release|iPhoneSimulator
		{9C97A05B-B0AF-446F-9485-B41AD053762A}.Release|x86.Deploy.0 = Release|iPhoneSimulator
		{708804D1-9E1F-4E37-AA94-22032CA0A8FE}.Debug|Any CPU.ActiveCfg = Debug|Any CPU
		{708804D1-9E1F-4E37-AA94-22032CA0A8FE}.Debug|Any CPU.Build.0 = Debug|Any CPU
		{708804D1-9E1F-4E37-AA94-22032CA0A8FE}.Debug|Any CPU.Deploy.0 = Debug|Any CPU
		{708804D1-9E1F-4E37-AA94-22032CA0A8FE}.Debug|ARM.ActiveCfg = Debug|Any CPU
		{708804D1-9E1F-4E37-AA94-22032CA0A8FE}.Debug|ARM.Build.0 = Debug|Any CPU
		{708804D1-9E1F-4E37-AA94-22032CA0A8FE}.Debug|ARM.Deploy.0 = Debug|Any CPU
		{708804D1-9E1F-4E37-AA94-22032CA0A8FE}.Debug|iPhone.ActiveCfg = Debug|Any CPU
		{708804D1-9E1F-4E37-AA94-22032CA0A8FE}.Debug|iPhone.Build.0 = Debug|Any CPU
		{708804D1-9E1F-4E37-AA94-22032CA0A8FE}.Debug|iPhone.Deploy.0 = Debug|Any CPU
		{708804D1-9E1F-4E37-AA94-22032CA0A8FE}.Debug|iPhoneSimulator.ActiveCfg = Debug|Any CPU
		{708804D1-9E1F-4E37-AA94-22032CA0A8FE}.Debug|iPhoneSimulator.Build.0 = Debug|Any CPU
		{708804D1-9E1F-4E37-AA94-22032CA0A8FE}.Debug|iPhoneSimulator.Deploy.0 = Debug|Any CPU
		{708804D1-9E1F-4E37-AA94-22032CA0A8FE}.Debug|x64.ActiveCfg = Debug|Any CPU
		{708804D1-9E1F-4E37-AA94-22032CA0A8FE}.Debug|x64.Build.0 = Debug|Any CPU
		{708804D1-9E1F-4E37-AA94-22032CA0A8FE}.Debug|x64.Deploy.0 = Debug|Any CPU
		{708804D1-9E1F-4E37-AA94-22032CA0A8FE}.Debug|x86.ActiveCfg = Debug|Any CPU
		{708804D1-9E1F-4E37-AA94-22032CA0A8FE}.Debug|x86.Build.0 = Debug|Any CPU
		{708804D1-9E1F-4E37-AA94-22032CA0A8FE}.Debug|x86.Deploy.0 = Debug|Any CPU
		{708804D1-9E1F-4E37-AA94-22032CA0A8FE}.Release|Any CPU.ActiveCfg = Release|Any CPU
		{708804D1-9E1F-4E37-AA94-22032CA0A8FE}.Release|Any CPU.Build.0 = Release|Any CPU
		{708804D1-9E1F-4E37-AA94-22032CA0A8FE}.Release|Any CPU.Deploy.0 = Release|Any CPU
		{708804D1-9E1F-4E37-AA94-22032CA0A8FE}.Release|ARM.ActiveCfg = Release|Any CPU
		{708804D1-9E1F-4E37-AA94-22032CA0A8FE}.Release|ARM.Build.0 = Release|Any CPU
		{708804D1-9E1F-4E37-AA94-22032CA0A8FE}.Release|ARM.Deploy.0 = Release|Any CPU
		{708804D1-9E1F-4E37-AA94-22032CA0A8FE}.Release|iPhone.ActiveCfg = Release|Any CPU
		{708804D1-9E1F-4E37-AA94-22032CA0A8FE}.Release|iPhone.Build.0 = Release|Any CPU
		{708804D1-9E1F-4E37-AA94-22032CA0A8FE}.Release|iPhone.Deploy.0 = Release|Any CPU
		{708804D1-9E1F-4E37-AA94-22032CA0A8FE}.Release|iPhoneSimulator.ActiveCfg = Release|Any CPU
		{708804D1-9E1F-4E37-AA94-22032CA0A8FE}.Release|iPhoneSimulator.Build.0 = Release|Any CPU
		{708804D1-9E1F-4E37-AA94-22032CA0A8FE}.Release|iPhoneSimulator.Deploy.0 = Release|Any CPU
		{708804D1-9E1F-4E37-AA94-22032CA0A8FE}.Release|x64.ActiveCfg = Release|Any CPU
		{708804D1-9E1F-4E37-AA94-22032CA0A8FE}.Release|x64.Build.0 = Release|Any CPU
		{708804D1-9E1F-4E37-AA94-22032CA0A8FE}.Release|x64.Deploy.0 = Release|Any CPU
		{708804D1-9E1F-4E37-AA94-22032CA0A8FE}.Release|x86.ActiveCfg = Release|Any CPU
		{708804D1-9E1F-4E37-AA94-22032CA0A8FE}.Release|x86.Build.0 = Release|Any CPU
		{708804D1-9E1F-4E37-AA94-22032CA0A8FE}.Release|x86.Deploy.0 = Release|Any CPU
	EndGlobalSection
	GlobalSection(SolutionProperties) = preSolution
		HideSolutionNode = FALSE
	EndGlobalSection
	GlobalSection(ExtensibilityGlobals) = postSolution
		SolutionGuid = {BEC6445D-1104-45D2-BC6F-AA57390D2A03}
	EndGlobalSection
EndGlobal
